
Microsoft Visual Studio Solution File, Format Version 12.00
# Visual Studio Version 17
VisualStudioVersion = 17.7.34031.279
MinimumVisualStudioVersion = 10.0.40219.1
Project("{FAE04EC0-301F-11D3-BF4B-00C04F79EFBC}") = "MiniSimuladorConcorrenciaTreads", "MiniSimuladorConcorrenciaTreads.csproj", "{80CB2206-48BB-4E34-A58C-D0836CD0707A}"
EndProject
Global
	GlobalSection(SolutionConfigurationPlatforms) = preSolution
		Debug|Any CPU = Debug|Any CPU
		Release|Any CPU = Release|Any CPU
	EndGlobalSection
	GlobalSection(ProjectConfigurationPlatforms) = postSolution
		{80CB2206-48BB-4E34-A58C-D0836CD0707A}.Debug|Any CPU.ActiveCfg = Debug|Any CPU
		{80CB2206-48BB-4E34-A58C-D0836CD0707A}.Debug|Any CPU.Build.0 = Debug|Any CPU
		{80CB2206-48BB-4E34-A58C-D0836CD0707A}.Release|Any CPU.ActiveCfg = Release|Any CPU
		{80CB2206-48BB-4E34-A58C-D0836CD0707A}.Release|Any CPU.Build.0 = Release|Any CPU
	EndGlobalSection
	GlobalSection(SolutionProperties) = preSolution
		HideSolutionNode = FALSE
	EndGlobalSection
	GlobalSection(ExtensibilityGlobals) = postSolution
		SolutionGuid = {C7F5EE84-D6FB-4F3A-B2B8-58F5E6AC2755}
	EndGlobalSection
EndGlobal
